Microsoft Visual Studio Solution File, Format Version 12.00
# Visual Studio Version 17
VisualStudioVersion = 17.5.2.0
MinimumVisualStudioVersion = 10.0.40219.1
Project("{FAE04EC0-301F-11D3-BF4B-00C04F79EFBC}") = "BlazeJump.Tools", "BlazeJump.Tools.csproj", "{96AC956C-67F7-BBFE-FFF1-900447FFFAC0}"
EndProject
Global
	GlobalSection(SolutionConfigurationPlatforms) = preSolution
		Debug|Any CPU = Debug|Any CPU
		Release|Any CPU = Release|Any CPU
	EndGlobalSection
	GlobalSection(ProjectConfigurationPlatforms) = postSolution
		{96AC956C-67F7-BBFE-FFF1-900447FFFAC0}.Debug|Any CPU.ActiveCfg = Debug|Any CPU
		{96AC956C-67F7-BBFE-FFF1-900447FFFAC0}.Debug|Any CPU.Build.0 = Debug|Any CPU
		{96AC956C-67F7-BBFE-FFF1-900447FFFAC0}.Release|Any CPU.ActiveCfg = Release|Any CPU
		{96AC956C-67F7-BBFE-FFF1-900447FFFAC0}.Release|Any CPU.Build.0 = Release|Any CPU
	EndGlobalSection
	GlobalSection(SolutionProperties) = preSolution
		HideSolutionNode = FALSE
	EndGlobalSection
	GlobalSection(ExtensibilityGlobals) = postSolution
		SolutionGuid = {BDE93BDF-F3A3-476E-85E0-50BFDD34757A}
	EndGlobalSection
EndGlobal
